
Microsoft Visual Studio Solution File, Format Version 12.00
# Visual Studio Version 17
VisualStudioVersion = 17.12.35506.116 d17.12
MinimumVisualStudioVersion = 10.0.40219.1
Project("{FAE04EC0-301F-11D3-BF4B-00C04F79EFBC}") = "Topic 1 - The Basic of Priniting Assignment", "Topic 1 - The Basic of Priniting Assignment.csproj", "{DAA8CFDA-FF6E-4B90-9528-EA7D58A4ABE0}"
EndProject
Global
	GlobalSection(SolutionConfigurationPlatforms) = preSolution
		Debug|Any CPU = Debug|Any CPU
		Release|Any CPU = Release|Any CPU
	EndGlobalSection
	GlobalSection(ProjectConfigurationPlatforms) = postSolution
		{DAA8CFDA-FF6E-4B90-9528-EA7D58A4ABE0}.Debug|Any CPU.ActiveCfg = Debug|Any CPU
		{DAA8CFDA-FF6E-4B90-9528-EA7D58A4ABE0}.Debug|Any CPU.Build.0 = Debug|Any CPU
		{DAA8CFDA-FF6E-4B90-9528-EA7D58A4ABE0}.Release|Any CPU.ActiveCfg = Release|Any CPU
		{DAA8CFDA-FF6E-4B90-9528-EA7D58A4ABE0}.Release|Any CPU.Build.0 = Release|Any CPU
	EndGlobalSection
	GlobalSection(SolutionProperties) = preSolution
		HideSolutionNode = FALSE
	EndGlobalSection
EndGlobal
